
Microsoft Visual Studio Solution File, Format Version 12.00
# Visual Studio Version 16
VisualStudioVersion = 16.0.30128.74
MinimumVisualStudioVersion = 10.0.40219.1
Project("{FAE04EC0-301F-11D3-BF4B-00C04F79EFBC}") = "Pizza", "Pizza\Pizza.csproj", "{338EDAC2-D94B-4C80-AEA5-6B27B78F624F}"
EndProject
Project("{FAE04EC0-301F-11D3-BF4B-00C04F79EFBC}") = "PizzaModel", "PizzaModel\PizzaModel.csproj", "{C02FDC42-D76B-468B-9583-27D4D0084D4C}"
EndProject
Project("{FAE04EC0-301F-11D3-BF4B-00C04F79EFBC}") = "Order", "Order\Order.csproj", "{8801DB20-2AC5-44D9-9BC6-3CA11BF2ADC2}"
EndProject
Global
	GlobalSection(SolutionConfigurationPlatforms) = preSolution
		Debug|Any CPU = Debug|Any CPU
		Release|Any CPU = Release|Any CPU
	EndGlobalSection
	GlobalSection(ProjectConfigurationPlatforms) = postSolution
		{338EDAC2-D94B-4C80-AEA5-6B27B78F624F}.Debug|Any CPU.ActiveCfg = Debug|Any CPU
		{338EDAC2-D94B-4C80-AEA5-6B27B78F624F}.Debug|Any CPU.Build.0 = Debug|Any CPU
		{338EDAC2-D94B-4C80-AEA5-6B27B78F624F}.Release|Any CPU.ActiveCfg = Release|Any CPU
		{338EDAC2-D94B-4C80-AEA5-6B27B78F624F}.Release|Any CPU.Build.0 = Release|Any CPU
		{C02FDC42-D76B-468B-9583-27D4D0084D4C}.Debug|Any CPU.ActiveCfg = Debug|Any CPU
		{C02FDC42-D76B-468B-9583-27D4D0084D4C}.Debug|Any CPU.Build.0 = Debug|Any CPU
		{C02FDC42-D76B-468B-9583-27D4D0084D4C}.Release|Any CPU.ActiveCfg = Release|Any CPU
		{C02FDC42-D76B-468B-9583-27D4D0084D4C}.Release|Any CPU.Build.0 = Release|Any CPU
		{8801DB20-2AC5-44D9-9BC6-3CA11BF2ADC2}.Debug|Any CPU.ActiveCfg = Debug|Any CPU
		{8801DB20-2AC5-44D9-9BC6-3CA11BF2ADC2}.Debug|Any CPU.Build.0 = Debug|Any CPU
		{8801DB20-2AC5-44D9-9BC6-3CA11BF2ADC2}.Release|Any CPU.ActiveCfg = Release|Any CPU
		{8801DB20-2AC5-44D9-9BC6-3CA11BF2ADC2}.Release|Any CPU.Build.0 = Release|Any CPU
	EndGlobalSection
	GlobalSection(SolutionProperties) = preSolution
		HideSolutionNode = FALSE
	EndGlobalSection
	GlobalSection(ExtensibilityGlobals) = postSolution
		SolutionGuid = {D1794AE0-DD93-4D2E-B1A5-26BF7AF55EF5}
	EndGlobalSection
EndGlobal
